
Microsoft Visual Studio Solution File, Format Version 12.00
# Visual Studio Version 17
VisualStudioVersion = 17.7.34221.43
MinimumVisualStudioVersion = 10.0.40219.1
Project("{FAE04EC0-301F-11D3-BF4B-00C04F79EFBC}") = "Not_Kayıt_Sistemi", "Not_Kayıt_Sistemi.csproj", "{8E7E5BE1-26CF-456D-80CE-59474D0DD83F}"
EndProject
Global
	GlobalSection(SolutionConfigurationPlatforms) = preSolution
		Debug|Any CPU = Debug|Any CPU
		Release|Any CPU = Release|Any CPU
	EndGlobalSection
	GlobalSection(ProjectConfigurationPlatforms) = postSolution
		{8E7E5BE1-26CF-456D-80CE-59474D0DD83F}.Debug|Any CPU.ActiveCfg = Debug|Any CPU
		{8E7E5BE1-26CF-456D-80CE-59474D0DD83F}.Debug|Any CPU.Build.0 = Debug|Any CPU
		{8E7E5BE1-26CF-456D-80CE-59474D0DD83F}.Release|Any CPU.ActiveCfg = Release|Any CPU
		{8E7E5BE1-26CF-456D-80CE-59474D0DD83F}.Release|Any CPU.Build.0 = Release|Any CPU
	EndGlobalSection
	GlobalSection(SolutionProperties) = preSolution
		HideSolutionNode = FALSE
	EndGlobalSection
	GlobalSection(ExtensibilityGlobals) = postSolution
		SolutionGuid = {919BB2CC-592C-4E8A-A04A-959C7CD7B619}
	EndGlobalSection
EndGlobal
